
Microsoft Visual Studio Solution File, Format Version 12.00
# Visual Studio Version 17
VisualStudioVersion = 17.4.33110.190
MinimumVisualStudioVersion = 10.0.40219.1
Project("{888888A0-9F3D-457C-B088-3A5042F75D52}") = "Facturacion textil en Python", "Facturacion textil en Python.pyproj", "{616FDA79-EB62-4B17-9725-234E18A1613C}"
EndProject
Project("{2150E333-8FDC-42A3-9474-1A3956D46DE8}") = "Elementos de la solución", "Elementos de la solución", "{4422C775-BDA4-40A9-B371-C17057BF5515}"
	ProjectSection(SolutionItems) = preProject
		Facturas.py = Facturas.py
	EndProjectSection
EndProject
Global
	GlobalSection(SolutionConfigurationPlatforms) = preSolution
		Debug|Any CPU = Debug|Any CPU
		Release|Any CPU = Release|Any CPU
	EndGlobalSection
	GlobalSection(ProjectConfigurationPlatforms) = postSolution
		{616FDA79-EB62-4B17-9725-234E18A1613C}.Debug|Any CPU.ActiveCfg = Debug|Any CPU
		{616FDA79-EB62-4B17-9725-234E18A1613C}.Release|Any CPU.ActiveCfg = Release|Any CPU
	EndGlobalSection
	GlobalSection(SolutionProperties) = preSolution
		HideSolutionNode = FALSE
	EndGlobalSection
	GlobalSection(ExtensibilityGlobals) = postSolution
		SolutionGuid = {2CF2B865-0755-484A-AFD1-385C1DED794C}
	EndGlobalSection
EndGlobal
